// !$*UTF8*$!
{
	archiveVersion = 1;
	classes = {
	};
	objectVersion = 46;
	objects = {

/* Begin PBXBuildFile section */
		958E695D1CAC7E5800622C07 /* AppDelegate.swift in Sources */ = {isa = PBXBuildFile; fileRef = 958E695C1CAC7E5800622C07 /* AppDelegate.swift */; };
		958E695F1CAC7E5800622C07 /* ViewController.swift in Sources */ = {isa = PBXBuildFile; fileRef = 958E695E1CAC7E5800622C07 /* ViewController.swift */; };
		958E69621CAC7E5800622C07 /* Main.storyboard in Resources */ = {isa = PBXBuildFile; fileRef = 958E69601CAC7E5800622C07 /* Main.storyboard */; };
		958E69651CAC7E5800622C07 /* NutriApp.xcdatamodeld in Sources */ = {isa = PBXBuildFile; fileRef = 958E69631CAC7E5800622C07 /* NutriApp.xcdatamodeld */; };
		958E69671CAC7E5800622C07 /* Assets.xcassets in Resources */ = {isa = PBXBuildFile; fileRef = 958E69661CAC7E5800622C07 /* Assets.xcassets */; };
		958E696A1CAC7E5800622C07 /* LaunchScreen.storyboard in Resources */ = {isa = PBXBuildFile; fileRef = 958E69681CAC7E5800622C07 /* LaunchScreen.storyboard */; };
/* End PBXBuildFile section */

/* Begin PBXFileReference section */
		958E69591CAC7E5800622C07 /* NutriApp.app */ = {isa = PBXFileReference; explicitFileType = wrapper.application; includeInIndex = 0; path = NutriApp.app; sourceTree = BUILT_PRODUCTS_DIR; };
		958E695C1CAC7E5800622C07 /* AppDelegate.swift */ = {isa = PBXFileReference; lastKnownFileType = sourcecode.swift; path = AppDelegate.swift; sourceTree = "<group>"; };
		958E695E1CAC7E5800622C07 /* ViewController.swift */ = {isa = PBXFileReference; lastKnownFileType = sourcecode.swift; path = ViewController.swift; sourceTree = "<group>"; };
		958E69611CAC7E5800622C07 /* Base */ = {isa = PBXFileReference; lastKnownFileType = file.storyboard; name = Base; path = Base.lproj/Main.storyboard; sourceTree = "<group>"; };
		958E69641CAC7E5800622C07 /* NutriApp.xcdatamodel */ = {isa = PBXFileReference; lastKnownFileType = wrapper.xcdatamodel; path = NutriApp.xcdatamodel; sourceTree = "<group>"; };
		958E69661CAC7E5800622C07 /* Assets.xcassets */ = {isa = PBXFileReference; lastKnownFileType = folder.assetcatalog; path = Assets.xcassets; sourceTree = "<group>"; };
		958E69691CAC7E5800622C07 /* Base */ = {isa = PBXFileReference; lastKnownFileType = file.storyboard; name = Base; path = Base.lproj/LaunchScreen.storyboard; sourceTree = "<group>"; };
		958E696B1CAC7E5800622C07 /* Info.plist */ = {isa = PBXFileReference; lastKnownFileType = text.plist.xml; path = Info.plist; sourceTree = "<group>"; };
/* End PBXFileReference section */

/* Begin PBXFrameworksBuildPhase section */
		958E69561CAC7E5800622C07 /* Frameworks */ = {
			isa = PBXFrameworksBuildPhase;
			buildActionMask = 2147483647;
			files = (
			);
			runOnlyForDeploymentPostprocessing = 0;
		};
/* End PBXFrameworksBuildPhase section */

/* Begin PBXGroup section */
		958E69501CAC7E5800622C07 = {
			isa = PBXGroup;
			children = (
				958E695B1CAC7E5800622C07 /* NutriApp */,
				958E695A1CAC7E5800622C07 /* Products */,
			);
			sourceTree = "<group>";
		};
		958E695A1CAC7E5800622C07 /* Products */ = {
			isa = PBXGroup;
			children = (
				958E69591CAC7E5800622C07 /* NutriApp.app */,
			);
			name = Products;
			sourceTree = "<group>";
		};
		958E695B1CAC7E5800622C07 /* NutriApp */ = {
			isa = PBXGroup;
			children = (
				958E695C1CAC7E5800622C07 /* AppDelegate.swift */,
				958E695E1CAC7E5800622C07 /* ViewController.swift */,
				958E69601CAC7E5800622C07 /* Main.storyboard */,
				958E69661CAC7E5800622C07 /* Assets.xcassets */,
				958E69681CAC7E5800622C07 /* LaunchScreen.storyboard */,
				958E696B1CAC7E5800622C07 /* Info.plist */,
				958E69631CAC7E5800622C07 /* NutriApp.xcdatamodeld */,
			);
			path = NutriApp;
			sourceTree = "<group>";
		};
/* End PBXGroup section */

/* Begin PBXNativeTarget section */
		958E69581CAC7E5800622C07 /* NutriApp */ = {
			isa = PBXNativeTarget;
			buildConfigurationList = 958E696E1CAC7E5800622C07 /* Build configuration list for PBXNativeTarget "NutriApp" */;
			buildPhases = (
				958E69551CAC7E5800622C07 /* Sources */,
				958E69561CAC7E5800622C07 /* Frameworks */,
				958E69571CAC7E5800622C07 /* Resources */,
			);
			buildRules = (
			);
			dependencies = (
			);
			name = NutriApp;
			productName = NutriApp;
			productReference = 958E69591CAC7E5800622C07 /* NutriApp.app */;
			productType = "com.apple.product-type.application";
		};
/* End PBXNativeTarget section */

/* Begin PBXProject section */
		958E69511CAC7E5800622C07 /* Project object */ = {
			isa = PBXProject;
			attributes = {
				LastSwiftUpdateCheck = 0730;
				LastUpgradeCheck = 0730;
				ORGANIZATIONNAME = "Mark Davidson";
				TargetAttributes = {
					958E69581CAC7E5800622C07 = {
						CreatedOnToolsVersion = 7.3;
						DevelopmentTeam = G858KU4426;
					};
				};
			};
			buildConfigurationList = 958E69541CAC7E5800622C07 /* Build configuration list for PBXProject "NutriApp" */;
			compatibilityVersion = "Xcode 3.2";
			developmentRegion = English;
			hasScannedForEncodings = 0;
			knownRegions = (
				en,
				Base,
			);
			mainGroup = 958E69501CAC7E5800622C07;
			productRefGroup = 958E695A1CAC7E5800622C07 /* Products */;
			projectDirPath = "";
			projectRoot = "";
			targets = (
				958E69581CAC7E5800622C07 /* NutriApp */,
			);
		};
/* End PBXProject section */

/* Begin PBXResourcesBuildPhase section */
		958E69571CAC7E5800622C07 /* Resources */ = {
			isa = PBXResourcesBuildPhase;
			buildActionMask = 2147483647;
			files = (
				958E696A1CAC7E5800622C07 /* LaunchScreen.storyboard in Resources */,
				958E69671CAC7E5800622C07 /* Assets.xcassets in Resources */,
				958E69621CAC7E5800622C07 /* Main.storyboard in Resources */,
			);
			runOnlyForDeploymentPostprocessing = 0;
		};
/* End PBXResourcesBuildPhase section */

/* Begin PBXSourcesBuildPhase section */
		958E69551CAC7E5800622C07 /* Sources */ = {
			isa = PBXSourcesBuildPhase;
			buildActionMask = 2147483647;
			files = (
				958E695F1CAC7E5800622C07 /* ViewController.swift in Sources */,
				958E69651CAC7E5800622C07 /* NutriApp.xcdatamodeld in Sources */,
				958E695D1CAC7E5800622C07 /* AppDelegate.swift in Sources */,
			);
			runOnlyForDeploymentPostprocessing = 0;
		};
/* End PBXSourcesBuildPhase section */

/* Begin PBXVariantGroup section */
		958E69601CAC7E5800622C07 /* Main.storyboard */ = {
			isa = PBXVariantGroup;
			children = (
				958E69611CAC7E5800622C07 /* Base */,
			);
			name = Main.storyboard;
			sourceTree = "<group>";
		};
		958E69681CAC7E5800622C07 /* LaunchScreen.storyboard */ = {
			isa = PBXVariantGroup;
			children = (
				958E69691CAC7E5800622C07 /* Base */,
			);
			name = LaunchScreen.storyboard;
			sourceTree = "<group>";
		};
/* End PBXVariantGroup section */

/* Begin XCBuildConfiguration section */
		958E696C1CAC7E5800622C07 /* Debug */ = {
			isa = XCBuildConfiguration;
			buildSettings = {
				ALWAYS_SEARCH_USER_PATHS = NO;
				CLANG_ANALYZER_NONNULL = YES;
				CLANG_CXX_LANGUAGE_STANDARD = "gnu++0x";
				CLANG_CXX_LIBRARY = "libc++";
				CLANG_ENABLE_MODULES = YES;
				CLANG_ENABLE_OBJC_ARC = YES;
				CLANG_WARN_BOOL_CONVERSION = YES;
				CLANG_WARN_CONSTANT_CONVERSION = YES;
				CLANG_WARN_DIRECT_OBJC_ISA_USAGE = YES_ERROR;
				CLANG_WARN_EMPTY_BODY = YES;
				CLANG_WARN_ENUM_CONVERSION = YES;
				CLANG_WARN_INT_CONVERSION = YES;
				CLANG_WARN_OBJC_ROOT_CLASS = YES_ERROR;
				CLANG_WARN_UNREACHABLE_CODE = YES;
				CLANG_WARN__DUPLICATE_METHOD_MATCH = YES;
				"CODE_SIGN_IDENTITY[sdk=iphoneos*]" = "iPhone Developer";
				COPY_PHASE_STRIP = NO;
				DEBUG_INFORMATION_FORMAT = dwarf;
				ENABLE_STRICT_OBJC_MSGSEND = YES;
				ENABLE_TESTABILITY = YES;
				GCC_C_LANGUAGE_STANDARD = gnu99;
				GCC_DYNAMIC_NO_PIC = NO;
				GCC_NO_COMMON_BLOCKS = YES;
				GCC_OPTIMIZATION_LEVEL = 0;
				GCC_PREPROCESSOR_DEFINITIONS = (
					"DEBUG=1",
					"$(inherited)",
				);
				GCC_WARN_64_TO_32_BIT_CONVERSION = YES;
				GCC_WARN_ABOUT_RETURN_TYPE = YES_ERROR;
				GCC_WARN_UNDECLARED_SELECTOR = YES;
				GCC_WARN_UNINITIALIZED_AUTOS = YES_AGGRESSIVE;
				GCC_WARN_UNUSED_FUNCTION = YES;
				GCC_WARN_UNUSED_VARIABLE = YES;
				IPHONEOS_DEPLOYMENT_TARGET = 9.3;
				MTL_ENABLE_DEBUG_INFO = YES;
				ONLY_ACTIVE_ARCH = YES;
				SDKROOT = iphoneos;
				SWIFT_OPTIMIZATION_LEVEL = "-Onone";
			};
			name = Debug;
		};
		958E696D1CAC7E5800622C07 /* Release */ = {
			isa = XCBuildConfiguration;
			buildSettings = {
				ALWAYS_SEARCH_USER_PATHS = NO;
				CLANG_ANALYZER_NONNULL = YES;
				CLANG_CXX_LANGUAGE_STANDARD = "gnu++0x";
				CLANG_CXX_LIBRARY = "libc++";
				CLANG_ENABLE_MODULES = YES;
				CLANG_ENABLE_OBJC_ARC = YES;
				CLANG_WARN_BOOL_CONVERSION = YES;
				CLANG_WARN_CONSTANT_CONVERSION = YES;
				CLANG_WARN_DIRECT_OBJC_ISA_USAGE = YES_ERROR;
				CLANG_WARN_EMPTY_BODY = YES;
				CLANG_WARN_ENUM_CONVERSION = YES;
				CLANG_WARN_INT_CONVERSION = YES;
				CLANG_WARN_OBJC_ROOT_CLASS = YES_ERROR;
				CLANG_WARN_UNREACHABLE_CODE = YES;
				CLANG_WARN__DUPLICATE_METHOD_MATCH = YES;
				"CODE_SIGN_IDENTITY[sdk=iphoneos*]" = "iPhone Developer";
				COPY_PHASE_STRIP = NO;
				DEBUG_INFORMATION_FORMAT = "dwarf-with-dsym";
				ENABLE_NS_ASSERTIONS = NO;
				ENABLE_STRICT_OBJC_MSGSEND = YES;
				GCC_C_LANGUAGE_STANDARD = gnu99;
				GCC_NO_COMMON_BLOCKS = YES;
				GCC_WARN_64_TO_32_BIT_CONVERSION = YES;
				GCC_WARN_ABOUT_RETURN_TYPE = YES_ERROR;
				GCC_WARN_UNDECLARED_SELECTOR = YES;
				GCC_WARN_UNINITIALIZED_AUTOS = YES_AGGRESSIVE;
				GCC_WARN_UNUSED_FUNCTION = YES;
				GCC_WARN_UNUSED_VARIABLE = YES;
				IPHONEOS_DEPLOYMENT_TARGET = 9.3;
				MTL_ENABLE_DEBUG_INFO = NO;
				SDKROOT = iphoneos;
				VALIDATE_PRODUCT = YES;
			};
			name = Release;
		};
		958E696F1CAC7E5800622C07 /* Debug */ = {
			isa = XCBuildConfiguration;
			buildSettings = {
				ASSETCATALOG_COMPILER_APPICON_NAME = AppIcon;
				CODE_SIGN_IDENTITY = "iPhone Developer";
				"CODE_SIGN_IDENTITY[sdk=iphoneos*]" = "iPhone Developer";
				INFOPLIST_FILE = NutriApp/Info.plist;
				LD_RUNPATH_SEARCH_PATHS = "$(inherited) @executable_path/Frameworks";
				PRODUCT_BUNDLE_IDENTIFIER = bytehigh.NutriApp;
				PRODUCT_NAME = "$(TARGET_NAME)";
				PROVISIONING_PROFILE = "";
			};
			name = Debug;
		};
		958E69701CAC7E5800622C07 /* Release */ = {
			isa = XCBuildConfiguration;
			buildSettings = {
				ASSETCATALOG_COMPILER_APPICON_NAME = AppIcon;
				CODE_SIGN_IDENTITY = "iPhone Developer";
				"CODE_SIGN_IDENTITY[sdk=iphoneos*]" = "iPhone Developer";
				INFOPLIST_FILE = NutriApp/Info.plist;
				LD_RUNPATH_SEARCH_PATHS = "$(inherited) @executable_path/Frameworks";
				PRODUCT_BUNDLE_IDENTIFIER = bytehigh.NutriApp;
				PRODUCT_NAME = "$(TARGET_NAME)";
				PROVISIONING_PROFILE = "";
			};
			name = Release;
		};
/* End XCBuildConfiguration section */

/* Begin XCConfigurationList section */
		958E69541CAC7E5800622C07 /* Build configuration list for PBXProject "NutriApp" */ = {
			isa = XCConfigurationList;
			buildConfigurations = (
				958E696C1CAC7E5800622C07 /* Debug */,
				958E696D1CAC7E5800622C07 /* Release */,
			);
			defaultConfigurationIsVisible = 0;
			defaultConfigurationName = Release;
		};
		958E696E1CAC7E5800622C07 /* Build configuration list for PBXNativeTarget "NutriApp" */ = {
			isa = XCConfigurationList;
			buildConfigurations = (
				958E696F1CAC7E5800622C07 /* Debug */,
				958E69701CAC7E5800622C07 /* Release */,
			);
			defaultConfigurationIsVisible = 0;
		};
/* End XCConfigurationList section */

/* Begin XCVersionGroup section */
		958E69631CAC7E5800622C07 /* NutriApp.xcdatamodeld */ = {
			isa = XCVersionGroup;
			children = (
				958E69641CAC7E5800622C07 /* NutriApp.xcdatamodel */,
			);
			currentVersion = 958E69641CAC7E5800622C07 /* NutriApp.xcdatamodel */;
			path = NutriApp.xcdatamodeld;
			sourceTree = "<group>";
			versionGroupType = wrapper.xcdatamodel;
		};
/* End XCVersionGroup section */
	};
	rootObject = 958E69511CAC7E5800622C07 /* Project object */;
}
